
Microsoft Visual Studio Solution File, Format Version 12.00
# Visual Studio Version 17
VisualStudioVersion = 17.0.32014.148
MinimumVisualStudioVersion = 10.0.40219.1
Project("{FAE04EC0-301F-11D3-BF4B-00C04F79EFBC}") = "MvcMovie", "MvcMovie\MvcMovie.csproj", "{3659A59B-2D0E-4075-AC19-86C7F016E929}"
EndProject
Global
	GlobalSection(SolutionConfigurationPlatforms) = preSolution
		Debug|Any CPU = Debug|Any CPU
		Release|Any CPU = Release|Any CPU
	EndGlobalSection
	GlobalSection(ProjectConfigurationPlatforms) = postSolution
		{3659A59B-2D0E-4075-AC19-86C7F016E929}.Debug|Any CPU.ActiveCfg = Debug|Any CPU
		{3659A59B-2D0E-4075-AC19-86C7F016E929}.Debug|Any CPU.Build.0 = Debug|Any CPU
		{3659A59B-2D0E-4075-AC19-86C7F016E929}.Release|Any CPU.ActiveCfg = Release|Any CPU
		{3659A59B-2D0E-4075-AC19-86C7F016E929}.Release|Any CPU.Build.0 = Release|Any CPU
	EndGlobalSection
	GlobalSection(SolutionProperties) = preSolution
		HideSolutionNode = FALSE
	EndGlobalSection
	GlobalSection(ExtensibilityGlobals) = postSolution
		SolutionGuid = {B8FBED67-8999-4E04-8899-D679DFBCFA26}
	EndGlobalSection
EndGlobal
